
Microsoft Visual Studio Solution File, Format Version 12.00
# Visual Studio Version 16
VisualStudioVersion = 16.0.31911.196
MinimumVisualStudioVersion = 10.0.40219.1
Project("{FAE04EC0-301F-11D3-BF4B-00C04F79EFBC}") = "Random", "Random.csproj", "{CEBE9BD6-1903-4CA1-8F38-9EAC1B4867BA}"
EndProject
Project("{FAE04EC0-301F-11D3-BF4B-00C04F79EFBC}") = "Random.Test", "..\Random.Test\Random.Test.csproj", "{2CA565D6-80BB-4363-8A0F-B3F01485F392}"
EndProject
Global
	GlobalSection(SolutionConfigurationPlatforms) = preSolution
		Debug|Any CPU = Debug|Any CPU
		Release|Any CPU = Release|Any CPU
	EndGlobalSection
	GlobalSection(ProjectConfigurationPlatforms) = postSolution
		{CEBE9BD6-1903-4CA1-8F38-9EAC1B4867BA}.Debug|Any CPU.ActiveCfg = Debug|Any CPU
		{CEBE9BD6-1903-4CA1-8F38-9EAC1B4867BA}.Debug|Any CPU.Build.0 = Debug|Any CPU
		{CEBE9BD6-1903-4CA1-8F38-9EAC1B4867BA}.Release|Any CPU.ActiveCfg = Release|Any CPU
		{CEBE9BD6-1903-4CA1-8F38-9EAC1B4867BA}.Release|Any CPU.Build.0 = Release|Any CPU
		{2CA565D6-80BB-4363-8A0F-B3F01485F392}.Debug|Any CPU.ActiveCfg = Debug|Any CPU
		{2CA565D6-80BB-4363-8A0F-B3F01485F392}.Debug|Any CPU.Build.0 = Debug|Any CPU
		{2CA565D6-80BB-4363-8A0F-B3F01485F392}.Release|Any CPU.ActiveCfg = Release|Any CPU
		{2CA565D6-80BB-4363-8A0F-B3F01485F392}.Release|Any CPU.Build.0 = Release|Any CPU
	EndGlobalSection
	GlobalSection(SolutionProperties) = preSolution
		HideSolutionNode = FALSE
	EndGlobalSection
	GlobalSection(ExtensibilityGlobals) = postSolution
		SolutionGuid = {EAF2679D-1449-4103-8B7E-204F3B87B1DC}
	EndGlobalSection
EndGlobal
